
Microsoft Visual Studio Solution File, Format Version 12.00
# Visual Studio Version 17
VisualStudioVersion = 17.0.32112.339
MinimumVisualStudioVersion = 10.0.40219.1
Project("{8BC9CEB8-8B4A-11D0-8D11-00A0C91BC942}") = "AccountRights", "AccountRights\AccountRights.vcxproj", "{94442DC9-870B-4F5B-9A18-5FDC42167023}"
EndProject
Project("{8BC9CEB8-8B4A-11D0-8D11-00A0C91BC942}") = "GetProcessOwner", "GetProcessOwner\GetProcessOwner.vcxproj", "{FBEBAB4D-693D-468A-878C-ED9EC284EDD1}"
EndProject
Project("{8BC9CEB8-8B4A-11D0-8D11-00A0C91BC942}") = "LookupAccountSid", "LookupAccountSid\LookupAccountSid.vcxproj", "{C01BFA90-BF60-4699-8123-1AD591355FA6}"
EndProject
Project("{8BC9CEB8-8B4A-11D0-8D11-00A0C91BC942}") = "SessionForPId", "SessionForPId\SessionForPId.vcxproj", "{58538474-AB85-45BD-8297-33A71E1876FD}"
EndProject
Project("{FAE04EC0-301F-11D3-BF4B-00C04F79EFBC}") = "TokenTest", "TokenTest\TokenTest.csproj", "{E4741392-4595-4505-841D-7226D8088EF3}"
EndProject
Project("{8BC9CEB8-8B4A-11D0-8D11-00A0C91BC942}") = "DecryptLsaSecrets", "DecryptLsaSecrets\DecryptLsaSecrets.vcxproj", "{CB5FFB21-11EE-4E02-B63A-129A812E850A}"
EndProject
Project("{8BC9CEB8-8B4A-11D0-8D11-00A0C91BC942}") = "LookupAccountName", "LookupAccountName\LookupAcccountName.vcxproj", "{98F756FB-F335-4730-A80A-67FBCB527A66}"
EndProject
Project("{8BC9CEB8-8B4A-11D0-8D11-00A0C91BC942}") = "EnablePrivilege", "EnablePrivilege\EnablePrivilege.vcxproj", "{F684EEE8-24A4-49A2-BD97-371B6A556F44}"
EndProject
Project("{8BC9CEB8-8B4A-11D0-8D11-00A0C91BC942}") = "S4ULogon", "S4ULogon\S4ULogon.vcxproj", "{B1D22C14-7119-4D10-9693-0054546F1513}"
EndProject
Project("{8BC9CEB8-8B4A-11D0-8D11-00A0C91BC942}") = "CopyAsBackup", "CopyAsBackup\CopyAsBackup.vcxproj", "{D939B73E-F455-425B-B551-6A9C16D26979}"
EndProject
Project("{8BC9CEB8-8B4A-11D0-8D11-00A0C91BC942}") = "AclEdit", "AclEdit\AclEdit.vcxproj", "{C107ABA1-D2C6-4A0C-9E13-02C9E595AC42}"
EndProject
Project("{8BC9CEB8-8B4A-11D0-8D11-00A0C91BC942}") = "CredManAccess", "CredManAccess\CredManAccess.vcxproj", "{7A10C7E9-BFA4-478F-94B3-6163A2B7DC7D}"
EndProject
Project("{8BC9CEB8-8B4A-11D0-8D11-00A0C91BC942}") = "ABRun", "ABRun\ABRun.vcxproj", "{9A71C69D-9925-4430-8DE3-B8CE99F8C908}"
EndProject
Global
	GlobalSection(SolutionConfigurationPlatforms) = preSolution
		Debug|ARM = Debug|ARM
		Debug|ARM64 = Debug|ARM64
		Debug|Win32 = Debug|Win32
		Debug|x64 = Debug|x64
		Release|ARM = Release|ARM
		Release|ARM64 = Release|ARM64
		Release|Win32 = Release|Win32
		Release|x64 = Release|x64
	EndGlobalSection
	GlobalSection(ProjectConfigurationPlatforms) = postSolution
		{94442DC9-870B-4F5B-9A18-5FDC42167023}.Debug|ARM.ActiveCfg = Debug|ARM
		{94442DC9-870B-4F5B-9A18-5FDC42167023}.Debug|ARM.Build.0 = Debug|ARM
		{94442DC9-870B-4F5B-9A18-5FDC42167023}.Debug|ARM64.ActiveCfg = Debug|ARM64
		{94442DC9-870B-4F5B-9A18-5FDC42167023}.Debug|ARM64.Build.0 = Debug|ARM64
		{94442DC9-870B-4F5B-9A18-5FDC42167023}.Debug|ARM64.Deploy.0 = Debug|ARM64
		{94442DC9-870B-4F5B-9A18-5FDC42167023}.Debug|Win32.ActiveCfg = Debug|Win32
		{94442DC9-870B-4F5B-9A18-5FDC42167023}.Debug|Win32.Build.0 = Debug|Win32
		{94442DC9-870B-4F5B-9A18-5FDC42167023}.Debug|x64.ActiveCfg = Debug|x64
		{94442DC9-870B-4F5B-9A18-5FDC42167023}.Debug|x64.Build.0 = Debug|x64
		{94442DC9-870B-4F5B-9A18-5FDC42167023}.Release|ARM.ActiveCfg = Release|ARM
		{94442DC9-870B-4F5B-9A18-5FDC42167023}.Release|ARM.Build.0 = Release|ARM
		{94442DC9-870B-4F5B-9A18-5FDC42167023}.Release|ARM64.ActiveCfg = Release|ARM64
		{94442DC9-870B-4F5B-9A18-5FDC42167023}.Release|ARM64.Build.0 = Release|ARM64
		{94442DC9-870B-4F5B-9A18-5FDC42167023}.Release|Win32.ActiveCfg = Release|Win32
		{94442DC9-870B-4F5B-9A18-5FDC42167023}.Release|Win32.Build.0 = Release|Win32
		{94442DC9-870B-4F5B-9A18-5FDC42167023}.Release|x64.ActiveCfg = Release|x64
		{94442DC9-870B-4F5B-9A18-5FDC42167023}.Release|x64.Build.0 = Release|x64
		{FBEBAB4D-693D-468A-878C-ED9EC284EDD1}.Debug|ARM.ActiveCfg = Debug|ARM
		{FBEBAB4D-693D-468A-878C-ED9EC284EDD1}.Debug|ARM.Build.0 = Debug|ARM
		{FBEBAB4D-693D-468A-878C-ED9EC284EDD1}.Debug|ARM64.ActiveCfg = Debug|ARM64
		{FBEBAB4D-693D-468A-878C-ED9EC284EDD1}.Debug|ARM64.Build.0 = Debug|ARM64
		{FBEBAB4D-693D-468A-878C-ED9EC284EDD1}.Debug|Win32.ActiveCfg = Debug|Win32
		{FBEBAB4D-693D-468A-878C-ED9EC284EDD1}.Debug|Win32.Build.0 = Debug|Win32
		{FBEBAB4D-693D-468A-878C-ED9EC284EDD1}.Debug|x64.ActiveCfg = Debug|x64
		{FBEBAB4D-693D-468A-878C-ED9EC284EDD1}.Debug|x64.Build.0 = Debug|x64
		{FBEBAB4D-693D-468A-878C-ED9EC284EDD1}.Release|ARM.ActiveCfg = Release|ARM
		{FBEBAB4D-693D-468A-878C-ED9EC284EDD1}.Release|ARM.Build.0 = Release|ARM
		{FBEBAB4D-693D-468A-878C-ED9EC284EDD1}.Release|ARM64.ActiveCfg = Release|ARM64
		{FBEBAB4D-693D-468A-878C-ED9EC284EDD1}.Release|ARM64.Build.0 = Release|ARM64
		{FBEBAB4D-693D-468A-878C-ED9EC284EDD1}.Release|Win32.ActiveCfg = Release|Win32
		{FBEBAB4D-693D-468A-878C-ED9EC284EDD1}.Release|Win32.Build.0 = Release|Win32
		{FBEBAB4D-693D-468A-878C-ED9EC284EDD1}.Release|x64.ActiveCfg = Release|x64
		{FBEBAB4D-693D-468A-878C-ED9EC284EDD1}.Release|x64.Build.0 = Release|x64
		{C01BFA90-BF60-4699-8123-1AD591355FA6}.Debug|ARM.ActiveCfg = Debug|ARM
		{C01BFA90-BF60-4699-8123-1AD591355FA6}.Debug|ARM.Build.0 = Debug|ARM
		{C01BFA90-BF60-4699-8123-1AD591355FA6}.Debug|ARM64.ActiveCfg = Debug|ARM64
		{C01BFA90-BF60-4699-8123-1AD591355FA6}.Debug|ARM64.Build.0 = Debug|ARM64
		{C01BFA90-BF60-4699-8123-1AD591355FA6}.Debug|Win32.ActiveCfg = Debug|Win32
		{C01BFA90-BF60-4699-8123-1AD591355FA6}.Debug|Win32.Build.0 = Debug|Win32
		{C01BFA90-BF60-4699-8123-1AD591355FA6}.Debug|x64.ActiveCfg = Debug|x64
		{C01BFA90-BF60-4699-8123-1AD591355FA6}.Debug|x64.Build.0 = Debug|x64
		{C01BFA90-BF60-4699-8123-1AD591355FA6}.Release|ARM.ActiveCfg = Release|ARM
		{C01BFA90-BF60-4699-8123-1AD591355FA6}.Release|ARM.Build.0 = Release|ARM
		{C01BFA90-BF60-4699-8123-1AD591355FA6}.Release|ARM64.ActiveCfg = Release|ARM64
		{C01BFA90-BF60-4699-8123-1AD591355FA6}.Release|ARM64.Build.0 = Release|ARM64
		{C01BFA90-BF60-4699-8123-1AD591355FA6}.Release|Win32.ActiveCfg = Release|Win32
		{C01BFA90-BF60-4699-8123-1AD591355FA6}.Release|Win32.Build.0 = Release|Win32
		{C01BFA90-BF60-4699-8123-1AD591355FA6}.Release|x64.ActiveCfg = Release|x64
		{C01BFA90-BF60-4699-8123-1AD591355FA6}.Release|x64.Build.0 = Release|x64
		{58538474-AB85-45BD-8297-33A71E1876FD}.Debug|ARM.ActiveCfg = Debug|ARM
		{58538474-AB85-45BD-8297-33A71E1876FD}.Debug|ARM.Build.0 = Debug|ARM
		{58538474-AB85-45BD-8297-33A71E1876FD}.Debug|ARM64.ActiveCfg = Debug|ARM64
		{58538474-AB85-45BD-8297-33A71E1876FD}.Debug|ARM64.Build.0 = Debug|ARM64
		{58538474-AB85-45BD-8297-33A71E1876FD}.Debug|Win32.ActiveCfg = Debug|Win32
		{58538474-AB85-45BD-8297-33A71E1876FD}.Debug|Win32.Build.0 = Debug|Win32
		{58538474-AB85-45BD-8297-33A71E1876FD}.Debug|x64.ActiveCfg = Debug|x64
		{58538474-AB85-45BD-8297-33A71E1876FD}.Debug|x64.Build.0 = Debug|x64
		{58538474-AB85-45BD-8297-33A71E1876FD}.Release|ARM.ActiveCfg = Release|ARM
		{58538474-AB85-45BD-8297-33A71E1876FD}.Release|ARM.Build.0 = Release|ARM
		{58538474-AB85-45BD-8297-33A71E1876FD}.Release|ARM64.ActiveCfg = Release|ARM64
		{58538474-AB85-45BD-8297-33A71E1876FD}.Release|ARM64.Build.0 = Release|ARM64
		{58538474-AB85-45BD-8297-33A71E1876FD}.Release|Win32.ActiveCfg = Release|Win32
		{58538474-AB85-45BD-8297-33A71E1876FD}.Release|Win32.Build.0 = Release|Win32
		{58538474-AB85-45BD-8297-33A71E1876FD}.Release|x64.ActiveCfg = Release|x64
		{58538474-AB85-45BD-8297-33A71E1876FD}.Release|x64.Build.0 = Release|x64
		{E4741392-4595-4505-841D-7226D8088EF3}.Debug|ARM.ActiveCfg = Debug|Any CPU
		{E4741392-4595-4505-841D-7226D8088EF3}.Debug|ARM.Build.0 = Debug|Any CPU
		{E4741392-4595-4505-841D-7226D8088EF3}.Debug|ARM64.ActiveCfg = Debug|Any CPU
		{E4741392-4595-4505-841D-7226D8088EF3}.Debug|ARM64.Build.0 = Debug|Any CPU
		{E4741392-4595-4505-841D-7226D8088EF3}.Debug|Win32.ActiveCfg = Debug|Any CPU
		{E4741392-4595-4505-841D-7226D8088EF3}.Debug|Win32.Build.0 = Debug|Any CPU
		{E4741392-4595-4505-841D-7226D8088EF3}.Debug|x64.ActiveCfg = Debug|Any CPU
		{E4741392-4595-4505-841D-7226D8088EF3}.Debug|x64.Build.0 = Debug|Any CPU
		{E4741392-4595-4505-841D-7226D8088EF3}.Release|ARM.ActiveCfg = Release|Any CPU
		{E4741392-4595-4505-841D-7226D8088EF3}.Release|ARM.Build.0 = Release|Any CPU
		{E4741392-4595-4505-841D-7226D8088EF3}.Release|ARM64.ActiveCfg = Release|Any CPU
		{E4741392-4595-4505-841D-7226D8088EF3}.Release|ARM64.Build.0 = Release|Any CPU
		{E4741392-4595-4505-841D-7226D8088EF3}.Release|Win32.ActiveCfg = Release|Any CPU
		{E4741392-4595-4505-841D-7226D8088EF3}.Release|Win32.Build.0 = Release|Any CPU
		{E4741392-4595-4505-841D-7226D8088EF3}.Release|x64.ActiveCfg = Release|Any CPU
		{E4741392-4595-4505-841D-7226D8088EF3}.Release|x64.Build.0 = Release|Any CPU
		{CB5FFB21-11EE-4E02-B63A-129A812E850A}.Debug|ARM.ActiveCfg = Debug|ARM
		{CB5FFB21-11EE-4E02-B63A-129A812E850A}.Debug|ARM.Build.0 = Debug|ARM
		{CB5FFB21-11EE-4E02-B63A-129A812E850A}.Debug|ARM64.ActiveCfg = Debug|ARM64
		{CB5FFB21-11EE-4E02-B63A-129A812E850A}.Debug|ARM64.Build.0 = Debug|ARM64
		{CB5FFB21-11EE-4E02-B63A-129A812E850A}.Debug|Win32.ActiveCfg = Debug|Win32
		{CB5FFB21-11EE-4E02-B63A-129A812E850A}.Debug|Win32.Build.0 = Debug|Win32
		{CB5FFB21-11EE-4E02-B63A-129A812E850A}.Debug|x64.ActiveCfg = Debug|x64
		{CB5FFB21-11EE-4E02-B63A-129A812E850A}.Debug|x64.Build.0 = Debug|x64
		{CB5FFB21-11EE-4E02-B63A-129A812E850A}.Release|ARM.ActiveCfg = Release|ARM
		{CB5FFB21-11EE-4E02-B63A-129A812E850A}.Release|ARM.Build.0 = Release|ARM
		{CB5FFB21-11EE-4E02-B63A-129A812E850A}.Release|ARM64.ActiveCfg = Release|ARM64
		{CB5FFB21-11EE-4E02-B63A-129A812E850A}.Release|ARM64.Build.0 = Release|ARM64
		{CB5FFB21-11EE-4E02-B63A-129A812E850A}.Release|Win32.ActiveCfg = Release|Win32
		{CB5FFB21-11EE-4E02-B63A-129A812E850A}.Release|Win32.Build.0 = Release|Win32
		{CB5FFB21-11EE-4E02-B63A-129A812E850A}.Release|x64.ActiveCfg = Release|x64
		{CB5FFB21-11EE-4E02-B63A-129A812E850A}.Release|x64.Build.0 = Release|x64
		{98F756FB-F335-4730-A80A-67FBCB527A66}.Debug|ARM.ActiveCfg = Debug|ARM
		{98F756FB-F335-4730-A80A-67FBCB527A66}.Debug|ARM.Build.0 = Debug|ARM
		{98F756FB-F335-4730-A80A-67FBCB527A66}.Debug|ARM64.ActiveCfg = Debug|ARM64
		{98F756FB-F335-4730-A80A-67FBCB527A66}.Debug|ARM64.Build.0 = Debug|ARM64
		{98F756FB-F335-4730-A80A-67FBCB527A66}.Debug|Win32.ActiveCfg = Debug|Win32
		{98F756FB-F335-4730-A80A-67FBCB527A66}.Debug|Win32.Build.0 = Debug|Win32
		{98F756FB-F335-4730-A80A-67FBCB527A66}.Debug|x64.ActiveCfg = Debug|x64
		{98F756FB-F335-4730-A80A-67FBCB527A66}.Debug|x64.Build.0 = Debug|x64
		{98F756FB-F335-4730-A80A-67FBCB527A66}.Release|ARM.ActiveCfg = Release|ARM
		{98F756FB-F335-4730-A80A-67FBCB527A66}.Release|ARM.Build.0 = Release|ARM
		{98F756FB-F335-4730-A80A-67FBCB527A66}.Release|ARM64.ActiveCfg = Release|ARM64
		{98F756FB-F335-4730-A80A-67FBCB527A66}.Release|ARM64.Build.0 = Release|ARM64
		{98F756FB-F335-4730-A80A-67FBCB527A66}.Release|Win32.ActiveCfg = Release|Win32
		{98F756FB-F335-4730-A80A-67FBCB527A66}.Release|Win32.Build.0 = Release|Win32
		{98F756FB-F335-4730-A80A-67FBCB527A66}.Release|x64.ActiveCfg = Release|x64
		{98F756FB-F335-4730-A80A-67FBCB527A66}.Release|x64.Build.0 = Release|x64
		{F684EEE8-24A4-49A2-BD97-371B6A556F44}.Debug|ARM.ActiveCfg = Debug|ARM
		{F684EEE8-24A4-49A2-BD97-371B6A556F44}.Debug|ARM64.ActiveCfg = Debug|ARM64
		{F684EEE8-24A4-49A2-BD97-371B6A556F44}.Debug|ARM64.Build.0 = Debug|ARM64
		{F684EEE8-24A4-49A2-BD97-371B6A556F44}.Debug|Win32.ActiveCfg = Debug|Win32
		{F684EEE8-24A4-49A2-BD97-371B6A556F44}.Debug|Win32.Build.0 = Debug|Win32
		{F684EEE8-24A4-49A2-BD97-371B6A556F44}.Debug|x64.ActiveCfg = Debug|x64
		{F684EEE8-24A4-49A2-BD97-371B6A556F44}.Debug|x64.Build.0 = Debug|x64
		{F684EEE8-24A4-49A2-BD97-371B6A556F44}.Release|ARM.ActiveCfg = Release|ARM
		{F684EEE8-24A4-49A2-BD97-371B6A556F44}.Release|ARM.Build.0 = Release|ARM
		{F684EEE8-24A4-49A2-BD97-371B6A556F44}.Release|ARM64.ActiveCfg = Release|ARM64
		{F684EEE8-24A4-49A2-BD97-371B6A556F44}.Release|ARM64.Build.0 = Release|ARM64
		{F684EEE8-24A4-49A2-BD97-371B6A556F44}.Release|Win32.ActiveCfg = Release|Win32
		{F684EEE8-24A4-49A2-BD97-371B6A556F44}.Release|Win32.Build.0 = Release|Win32
		{F684EEE8-24A4-49A2-BD97-371B6A556F44}.Release|x64.ActiveCfg = Release|x64
		{F684EEE8-24A4-49A2-BD97-371B6A556F44}.Release|x64.Build.0 = Release|x64
		{B1D22C14-7119-4D10-9693-0054546F1513}.Debug|ARM.ActiveCfg = Debug|ARM
		{B1D22C14-7119-4D10-9693-0054546F1513}.Debug|ARM.Build.0 = Debug|ARM
		{B1D22C14-7119-4D10-9693-0054546F1513}.Debug|ARM64.ActiveCfg = Debug|ARM64
		{B1D22C14-7119-4D10-9693-0054546F1513}.Debug|ARM64.Build.0 = Debug|ARM64
		{B1D22C14-7119-4D10-9693-0054546F1513}.Debug|Win32.ActiveCfg = Debug|x64
		{B1D22C14-7119-4D10-9693-0054546F1513}.Debug|Win32.Build.0 = Debug|x64
		{B1D22C14-7119-4D10-9693-0054546F1513}.Debug|x64.ActiveCfg = Debug|x64
		{B1D22C14-7119-4D10-9693-0054546F1513}.Debug|x64.Build.0 = Debug|x64
		{B1D22C14-7119-4D10-9693-0054546F1513}.Release|ARM.ActiveCfg = Release|ARM
		{B1D22C14-7119-4D10-9693-0054546F1513}.Release|ARM.Build.0 = Release|ARM
		{B1D22C14-7119-4D10-9693-0054546F1513}.Release|ARM64.ActiveCfg = Release|ARM64
		{B1D22C14-7119-4D10-9693-0054546F1513}.Release|ARM64.Build.0 = Release|ARM64
		{B1D22C14-7119-4D10-9693-0054546F1513}.Release|Win32.ActiveCfg = Release|Win32
		{B1D22C14-7119-4D10-9693-0054546F1513}.Release|x64.ActiveCfg = Release|x64
		{B1D22C14-7119-4D10-9693-0054546F1513}.Release|x64.Build.0 = Release|x64
		{D939B73E-F455-425B-B551-6A9C16D26979}.Debug|ARM.ActiveCfg = Debug|ARM
		{D939B73E-F455-425B-B551-6A9C16D26979}.Debug|ARM.Build.0 = Debug|ARM
		{D939B73E-F455-425B-B551-6A9C16D26979}.Debug|ARM64.ActiveCfg = Debug|ARM64
		{D939B73E-F455-425B-B551-6A9C16D26979}.Debug|ARM64.Build.0 = Debug|ARM64
		{D939B73E-F455-425B-B551-6A9C16D26979}.Debug|Win32.ActiveCfg = Debug|Win32
		{D939B73E-F455-425B-B551-6A9C16D26979}.Debug|Win32.Build.0 = Debug|Win32
		{D939B73E-F455-425B-B551-6A9C16D26979}.Debug|x64.ActiveCfg = Debug|x64
		{D939B73E-F455-425B-B551-6A9C16D26979}.Debug|x64.Build.0 = Debug|x64
		{D939B73E-F455-425B-B551-6A9C16D26979}.Release|ARM.ActiveCfg = Release|ARM
		{D939B73E-F455-425B-B551-6A9C16D26979}.Release|ARM.Build.0 = Release|ARM
		{D939B73E-F455-425B-B551-6A9C16D26979}.Release|ARM64.ActiveCfg = Release|ARM64
		{D939B73E-F455-425B-B551-6A9C16D26979}.Release|ARM64.Build.0 = Release|ARM64
		{D939B73E-F455-425B-B551-6A9C16D26979}.Release|Win32.ActiveCfg = Release|Win32
		{D939B73E-F455-425B-B551-6A9C16D26979}.Release|Win32.Build.0 = Release|Win32
		{D939B73E-F455-425B-B551-6A9C16D26979}.Release|x64.ActiveCfg = Release|x64
		{D939B73E-F455-425B-B551-6A9C16D26979}.Release|x64.Build.0 = Release|x64
		{C107ABA1-D2C6-4A0C-9E13-02C9E595AC42}.Debug|ARM.ActiveCfg = Debug|x64
		{C107ABA1-D2C6-4A0C-9E13-02C9E595AC42}.Debug|ARM.Build.0 = Debug|x64
		{C107ABA1-D2C6-4A0C-9E13-02C9E595AC42}.Debug|ARM64.ActiveCfg = Debug|x64
		{C107ABA1-D2C6-4A0C-9E13-02C9E595AC42}.Debug|ARM64.Build.0 = Debug|x64
		{C107ABA1-D2C6-4A0C-9E13-02C9E595AC42}.Debug|Win32.ActiveCfg = Debug|Win32
		{C107ABA1-D2C6-4A0C-9E13-02C9E595AC42}.Debug|Win32.Build.0 = Debug|Win32
		{C107ABA1-D2C6-4A0C-9E13-02C9E595AC42}.Debug|x64.ActiveCfg = Debug|x64
		{C107ABA1-D2C6-4A0C-9E13-02C9E595AC42}.Debug|x64.Build.0 = Debug|x64
		{C107ABA1-D2C6-4A0C-9E13-02C9E595AC42}.Release|ARM.ActiveCfg = Release|x64
		{C107ABA1-D2C6-4A0C-9E13-02C9E595AC42}.Release|ARM.Build.0 = Release|x64
		{C107ABA1-D2C6-4A0C-9E13-02C9E595AC42}.Release|ARM64.ActiveCfg = Release|x64
		{C107ABA1-D2C6-4A0C-9E13-02C9E595AC42}.Release|ARM64.Build.0 = Release|x64
		{C107ABA1-D2C6-4A0C-9E13-02C9E595AC42}.Release|Win32.ActiveCfg = Release|Win32
		{C107ABA1-D2C6-4A0C-9E13-02C9E595AC42}.Release|Win32.Build.0 = Release|Win32
		{C107ABA1-D2C6-4A0C-9E13-02C9E595AC42}.Release|x64.ActiveCfg = Release|x64
		{C107ABA1-D2C6-4A0C-9E13-02C9E595AC42}.Release|x64.Build.0 = Release|x64
		{7A10C7E9-BFA4-478F-94B3-6163A2B7DC7D}.Debug|ARM.ActiveCfg = Debug|x64
		{7A10C7E9-BFA4-478F-94B3-6163A2B7DC7D}.Debug|ARM.Build.0 = Debug|x64
		{7A10C7E9-BFA4-478F-94B3-6163A2B7DC7D}.Debug|ARM64.ActiveCfg = Debug|x64
		{7A10C7E9-BFA4-478F-94B3-6163A2B7DC7D}.Debug|ARM64.Build.0 = Debug|x64
		{7A10C7E9-BFA4-478F-94B3-6163A2B7DC7D}.Debug|Win32.ActiveCfg = Debug|Win32
		{7A10C7E9-BFA4-478F-94B3-6163A2B7DC7D}.Debug|Win32.Build.0 = Debug|Win32
		{7A10C7E9-BFA4-478F-94B3-6163A2B7DC7D}.Debug|x64.ActiveCfg = Debug|x64
		{7A10C7E9-BFA4-478F-94B3-6163A2B7DC7D}.Debug|x64.Build.0 = Debug|x64
		{7A10C7E9-BFA4-478F-94B3-6163A2B7DC7D}.Release|ARM.ActiveCfg = Release|x64
		{7A10C7E9-BFA4-478F-94B3-6163A2B7DC7D}.Release|ARM.Build.0 = Release|x64
		{7A10C7E9-BFA4-478F-94B3-6163A2B7DC7D}.Release|ARM64.ActiveCfg = Release|x64
		{7A10C7E9-BFA4-478F-94B3-6163A2B7DC7D}.Release|ARM64.Build.0 = Release|x64
		{7A10C7E9-BFA4-478F-94B3-6163A2B7DC7D}.Release|Win32.ActiveCfg = Release|Win32
		{7A10C7E9-BFA4-478F-94B3-6163A2B7DC7D}.Release|Win32.Build.0 = Release|Win32
		{7A10C7E9-BFA4-478F-94B3-6163A2B7DC7D}.Release|x64.ActiveCfg = Release|x64
		{7A10C7E9-BFA4-478F-94B3-6163A2B7DC7D}.Release|x64.Build.0 = Release|x64
		{9A71C69D-9925-4430-8DE3-B8CE99F8C908}.Debug|ARM.ActiveCfg = Debug|x64
		{9A71C69D-9925-4430-8DE3-B8CE99F8C908}.Debug|ARM.Build.0 = Debug|x64
		{9A71C69D-9925-4430-8DE3-B8CE99F8C908}.Debug|ARM64.ActiveCfg = Debug|x64
		{9A71C69D-9925-4430-8DE3-B8CE99F8C908}.Debug|ARM64.Build.0 = Debug|x64
		{9A71C69D-9925-4430-8DE3-B8CE99F8C908}.Debug|Win32.ActiveCfg = Debug|Win32
		{9A71C69D-9925-4430-8DE3-B8CE99F8C908}.Debug|Win32.Build.0 = Debug|Win32
		{9A71C69D-9925-4430-8DE3-B8CE99F8C908}.Debug|x64.ActiveCfg = Debug|x64
		{9A71C69D-9925-4430-8DE3-B8CE99F8C908}.Debug|x64.Build.0 = Debug|x64
		{9A71C69D-9925-4430-8DE3-B8CE99F8C908}.Release|ARM.ActiveCfg = Release|x64
		{9A71C69D-9925-4430-8DE3-B8CE99F8C908}.Release|ARM.Build.0 = Release|x64
		{9A71C69D-9925-4430-8DE3-B8CE99F8C908}.Release|ARM64.ActiveCfg = Release|x64
		{9A71C69D-9925-4430-8DE3-B8CE99F8C908}.Release|ARM64.Build.0 = Release|x64
		{9A71C69D-9925-4430-8DE3-B8CE99F8C908}.Release|Win32.ActiveCfg = Release|Win32
		{9A71C69D-9925-4430-8DE3-B8CE99F8C908}.Release|Win32.Build.0 = Release|Win32
		{9A71C69D-9925-4430-8DE3-B8CE99F8C908}.Release|x64.ActiveCfg = Release|x64
		{9A71C69D-9925-4430-8DE3-B8CE99F8C908}.Release|x64.Build.0 = Release|x64
	EndGlobalSection
	GlobalSection(SolutionProperties) = preSolution
		HideSolutionNode = FALSE
	EndGlobalSection
	GlobalSection(ExtensibilityGlobals) = postSolution
		SolutionGuid = {67E1F4E5-9407-48AD-9499-FB18E3C2ECEA}
	EndGlobalSection
EndGlobal
